
Microsoft Visual Studio Solution File, Format Version 12.00
# Visual Studio Version 16
VisualStudioVersion = 16.0.29201.188
MinimumVisualStudioVersion = 10.0.40219.1
Project("{8BC9CEB8-8B4A-11D0-8D11-00A0C91BC942}") = "FM32", "FM32.vcxproj", "{EFADA9FD-26DE-458A-A4CE-5D64D6918482}"
EndProject
Global
	GlobalSection(SolutionConfigurationPlatforms) = preSolution
		Debug|x64 = Debug|x64
		Release|x64 = Release|x64
	EndGlobalSection
	GlobalSection(ProjectConfigurationPlatforms) = postSolution
		{EFADA9FD-26DE-458A-A4CE-5D64D6918482}.Debug|x64.ActiveCfg = Debug|x64
		{EFADA9FD-26DE-458A-A4CE-5D64D6918482}.Debug|x64.Build.0 = Debug|x64
		{EFADA9FD-26DE-458A-A4CE-5D64D6918482}.Release|x64.ActiveCfg = Release|x64
		{EFADA9FD-26DE-458A-A4CE-5D64D6918482}.Release|x64.Build.0 = Release|x64
	EndGlobalSection
	GlobalSection(SolutionProperties) = preSolution
		HideSolutionNode = FALSE
	EndGlobalSection
	GlobalSection(ExtensibilityGlobals) = postSolution
		SolutionGuid = {27C36F40-9593-4A9E-BC7A-897F01AE9FED}
	EndGlobalSection
EndGlobal
